
Microsoft Visual Studio Solution File, Format Version 12.00
# Visual Studio Version 16
VisualStudioVersion = 16.0.30907.101
MinimumVisualStudioVersion = 10.0.40219.1
Project("{FAE04EC0-301F-11D3-BF4B-00C04F79EFBC}") = "Introducao", "Introducao.csproj", "{79B4503B-E50D-41F8-A2A6-C56359252707}"
EndProject
Global
	GlobalSection(SolutionConfigurationPlatforms) = preSolution
		Debug|Any CPU = Debug|Any CPU
		Release|Any CPU = Release|Any CPU
	EndGlobalSection
	GlobalSection(ProjectConfigurationPlatforms) = postSolution
		{79B4503B-E50D-41F8-A2A6-C56359252707}.Debug|Any CPU.ActiveCfg = Debug|Any CPU
		{79B4503B-E50D-41F8-A2A6-C56359252707}.Debug|Any CPU.Build.0 = Debug|Any CPU
		{79B4503B-E50D-41F8-A2A6-C56359252707}.Release|Any CPU.ActiveCfg = Release|Any CPU
		{79B4503B-E50D-41F8-A2A6-C56359252707}.Release|Any CPU.Build.0 = Release|Any CPU
	EndGlobalSection
	GlobalSection(SolutionProperties) = preSolution
		HideSolutionNode = FALSE
	EndGlobalSection
	GlobalSection(ExtensibilityGlobals) = postSolution
		SolutionGuid = {0D9E7F71-0510-4ACF-92E3-321CF7B8D961}
	EndGlobalSection
EndGlobal
